
Microsoft Visual Studio Solution File, Format Version 12.00
# Visual Studio Version 16
VisualStudioVersion = 16.0.31702.278
MinimumVisualStudioVersion = 10.0.40219.1
Project("{8BC9CEB8-8B4A-11D0-8D11-00A0C91BC942}") = "Project3", "Project3\Project3.vcxproj", "{F9F1EF68-71DE-46C2-A471-EC40E28FBFCC}"
EndProject
Global
	GlobalSection(SolutionConfigurationPlatforms) = preSolution
		Debug|x64 = Debug|x64
		Debug|x86 = Debug|x86
		Release|x64 = Release|x64
		Release|x86 = Release|x86
	EndGlobalSection
	GlobalSection(ProjectConfigurationPlatforms) = postSolution
		{F9F1EF68-71DE-46C2-A471-EC40E28FBFCC}.Debug|x64.ActiveCfg = Debug|x64
		{F9F1EF68-71DE-46C2-A471-EC40E28FBFCC}.Debug|x64.Build.0 = Debug|x64
		{F9F1EF68-71DE-46C2-A471-EC40E28FBFCC}.Debug|x86.ActiveCfg = Debug|Win32
		{F9F1EF68-71DE-46C2-A471-EC40E28FBFCC}.Debug|x86.Build.0 = Debug|Win32
		{F9F1EF68-71DE-46C2-A471-EC40E28FBFCC}.Release|x64.ActiveCfg = Release|x64
		{F9F1EF68-71DE-46C2-A471-EC40E28FBFCC}.Release|x64.Build.0 = Release|x64
		{F9F1EF68-71DE-46C2-A471-EC40E28FBFCC}.Release|x86.ActiveCfg = Release|Win32
		{F9F1EF68-71DE-46C2-A471-EC40E28FBFCC}.Release|x86.Build.0 = Release|Win32
	EndGlobalSection
	GlobalSection(SolutionProperties) = preSolution
		HideSolutionNode = FALSE
	EndGlobalSection
	GlobalSection(ExtensibilityGlobals) = postSolution
		SolutionGuid = {9248499B-D948-4C2B-9C4A-346AE3B5672F}
	EndGlobalSection
EndGlobal
